
Microsoft Visual Studio Solution File, Format Version 12.00
# Visual Studio Version 17
VisualStudioVersion = 17.12.35527.113 d17.12
MinimumVisualStudioVersion = 10.0.40219.1
Project("{FAE04EC0-301F-11D3-BF4B-00C04F79EFBC}") = "miltecti-api", "miltecti-api\miltecti-api.csproj", "{BC506533-EC14-4281-A393-4768C412A524}"
EndProject
Global
	GlobalSection(SolutionConfigurationPlatforms) = preSolution
		Debug|Any CPU = Debug|Any CPU
		Release|Any CPU = Release|Any CPU
	EndGlobalSection
	GlobalSection(ProjectConfigurationPlatforms) = postSolution
		{BC506533-EC14-4281-A393-4768C412A524}.Debug|Any CPU.ActiveCfg = Debug|Any CPU
		{BC506533-EC14-4281-A393-4768C412A524}.Debug|Any CPU.Build.0 = Debug|Any CPU
		{BC506533-EC14-4281-A393-4768C412A524}.Release|Any CPU.ActiveCfg = Release|Any CPU
		{BC506533-EC14-4281-A393-4768C412A524}.Release|Any CPU.Build.0 = Release|Any CPU
	EndGlobalSection
	GlobalSection(SolutionProperties) = preSolution
		HideSolutionNode = FALSE
	EndGlobalSection
EndGlobal
